
Microsoft Visual Studio Solution File, Format Version 12.00
# Visual Studio Version 17
VisualStudioVersion = 17.3.32929.385
MinimumVisualStudioVersion = 10.0.40219.1
Project("{FAE04EC0-301F-11D3-BF4B-00C04F79EFBC}") = "NewProject", "NewProject.csproj", "{11CF5023-8D93-45A7-A8B8-D34068BA638F}"
EndProject
Global
	GlobalSection(SolutionConfigurationPlatforms) = preSolution
		Debug|Any CPU = Debug|Any CPU
		Release|Any CPU = Release|Any CPU
	EndGlobalSection
	GlobalSection(ProjectConfigurationPlatforms) = postSolution
		{11CF5023-8D93-45A7-A8B8-D34068BA638F}.Debug|Any CPU.ActiveCfg = Debug|Any CPU
		{11CF5023-8D93-45A7-A8B8-D34068BA638F}.Debug|Any CPU.Build.0 = Debug|Any CPU
		{11CF5023-8D93-45A7-A8B8-D34068BA638F}.Release|Any CPU.ActiveCfg = Release|Any CPU
		{11CF5023-8D93-45A7-A8B8-D34068BA638F}.Release|Any CPU.Build.0 = Release|Any CPU
	EndGlobalSection
	GlobalSection(SolutionProperties) = preSolution
		HideSolutionNode = FALSE
	EndGlobalSection
	GlobalSection(ExtensibilityGlobals) = postSolution
		SolutionGuid = {A60CBA7B-19BE-4567-9971-67DF3DBD7FF0}
	EndGlobalSection
EndGlobal
